
Microsoft Visual Studio Solution File, Format Version 12.00
# Visual Studio 15
VisualStudioVersion = 15.0.28307.421
MinimumVisualStudioVersion = 10.0.40219.1
Project("{FAE04EC0-301F-11D3-BF4B-00C04F79EFBC}") = "HTML_CSS5", "HTML_CSS5\HTML_CSS5.csproj", "{FD31EA0A-25D9-4522-B015-13565007C6ED}"
EndProject
Global
	GlobalSection(SolutionConfigurationPlatforms) = preSolution
		Debug|Any CPU = Debug|Any CPU
		Release|Any CPU = Release|Any CPU
	EndGlobalSection
	GlobalSection(ProjectConfigurationPlatforms) = postSolution
		{FD31EA0A-25D9-4522-B015-13565007C6ED}.Debug|Any CPU.ActiveCfg = Debug|Any CPU
		{FD31EA0A-25D9-4522-B015-13565007C6ED}.Debug|Any CPU.Build.0 = Debug|Any CPU
		{FD31EA0A-25D9-4522-B015-13565007C6ED}.Release|Any CPU.ActiveCfg = Release|Any CPU
		{FD31EA0A-25D9-4522-B015-13565007C6ED}.Release|Any CPU.Build.0 = Release|Any CPU
	EndGlobalSection
	GlobalSection(SolutionProperties) = preSolution
		HideSolutionNode = FALSE
	EndGlobalSection
	GlobalSection(ExtensibilityGlobals) = postSolution
		SolutionGuid = {72B07C61-CAB8-4545-80F5-4432DC2D429D}
	EndGlobalSection
EndGlobal
